{
   "name": "com.burning-lab.swipedetector",
   "version": "1.1.3",
   "lockfileVersion": 2,
   "requires": true,
   "packages": {
      "": {
         "name": "com.burning-lab.swipedetector",
         "version": "1.1.3",
         "devDependencies": {
            "com.burning-lab.utils.js-build-utils": "^0.1.10"
         }
      },
      "node_modules/com.burning-lab.utils.js-build-utils": {
         "version": "0.1.10",
         "resolved": "https://registry.npmjs.org/com.burning-lab.utils.js-build-utils/-/com.burning-lab.utils.js-build-utils-0.1.10.tgz",
         "integrity": "sha512-jaf+XIcOXV44kpoUqnzkgnQaCXem6R+z440C7bhTzRrH6uzLK2x37ETZseHmi/5Lt8zHJoo90+NvUsMtRqZLEw==",
         "dev": true
      }
   },
   "dependencies": {
      "com.burning-lab.utils.js-build-utils": {
         "version": "0.1.10",
         "resolved": "https://registry.npmjs.org/com.burning-lab.utils.js-build-utils/-/com.burning-lab.utils.js-build-utils-0.1.10.tgz",
         "integrity": "sha512-jaf+XIcOXV44kpoUqnzkgnQaCXem6R+z440C7bhTzRrH6uzLK2x37ETZseHmi/5Lt8zHJoo90+NvUsMtRqZLEw==",
         "dev": true
      }
   }
}
