{
   "name": "com.burning-lab.swipedetector",
   "version": "1.2.0",
   "lockfileVersion": 2,
   "requires": true,
   "packages": {
      "": {
         "name": "com.burning-lab.swipedetector",
         "version": "1.2.0",
         "devDependencies": {
            "com.burning-lab.utils.js-build-utils": "^0.1.13"
         }
      },
      "node_modules/com.burning-lab.utils.js-build-utils": {
         "version": "0.1.13",
         "resolved": "https://registry.npmjs.org/com.burning-lab.utils.js-build-utils/-/com.burning-lab.utils.js-build-utils-0.1.13.tgz",
         "integrity": "sha512-EMe+Hyc0itzHynnBmo6HAW4TUIzv0GisXpkmd6EI5cRGf+pd6MIYQrqw/grU11/gJtru3M+Cu2/fnG2Q1KnQBg==",
         "dev": true
      }
   },
   "dependencies": {
      "com.burning-lab.utils.js-build-utils": {
         "version": "0.1.13",
         "resolved": "https://registry.npmjs.org/com.burning-lab.utils.js-build-utils/-/com.burning-lab.utils.js-build-utils-0.1.13.tgz",
         "integrity": "sha512-EMe+Hyc0itzHynnBmo6HAW4TUIzv0GisXpkmd6EI5cRGf+pd6MIYQrqw/grU11/gJtru3M+Cu2/fnG2Q1KnQBg==",
         "dev": true
      }
   }
}
